// !$*UTF8*$!
{
	archiveVersion = 1;
	classes = {
	};
	objectVersion = 46;
	objects = {

/* Begin PBXBuildFile section */
		A82C5B231E68B93200ACA464 /* Array+Shuffle.swift in Sources */ = {isa = PBXBuildFile; fileRef = A82C5B221E68B93200ACA464 /* Array+Shuffle.swift */; };
		A88EE01C1E4B7C11000FE5A6 /* GraphLayer.swift in Sources */ = {isa = PBXBuildFile; fileRef = A88EE01A1E4B7C11000FE5A6 /* GraphLayer.swift */; };
		A88EE01D1E4B7C11000FE5A6 /* GraphView.swift in Sources */ = {isa = PBXBuildFile; fileRef = A88EE01B1E4B7C11000FE5A6 /* GraphView.swift */; };
		A8CC24841E363656007E1E03 /* AppDelegate.swift in Sources */ = {isa = PBXBuildFile; fileRef = A8CC24831E363656007E1E03 /* AppDelegate.swift */; };
		A8CC24861E363656007E1E03 /* ViewController.swift in Sources */ = {isa = PBXBuildFile; fileRef = A8CC24851E363656007E1E03 /* ViewController.swift */; };
		A8CC24891E363656007E1E03 /* Main.storyboard in Resources */ = {isa = PBXBuildFile; fileRef = A8CC24871E363656007E1E03 /* Main.storyboard */; };
		A8CC248B1E363656007E1E03 /* Assets.xcassets in Resources */ = {isa = PBXBuildFile; fileRef = A8CC248A1E363656007E1E03 /* Assets.xcassets */; };
		A8CC248E1E363656007E1E03 /* LaunchScreen.storyboard in Resources */ = {isa = PBXBuildFile; fileRef = A8CC248C1E363656007E1E03 /* LaunchScreen.storyboard */; };
/* End PBXBuildFile section */

/* Begin PBXFileReference section */
		A82C5B221E68B93200ACA464 /* Array+Shuffle.swift */ = {isa = PBXFileReference; fileEncoding = 4; lastKnownFileType = sourcecode.swift; path = "Array+Shuffle.swift"; sourceTree = "<group>"; };
		A88EE01A1E4B7C11000FE5A6 /* GraphLayer.swift */ = {isa = PBXFileReference; fileEncoding = 4; lastKnownFileType = sourcecode.swift; path = GraphLayer.swift; sourceTree = "<group>"; };
		A88EE01B1E4B7C11000FE5A6 /* GraphView.swift */ = {isa = PBXFileReference; fileEncoding = 4; lastKnownFileType = sourcecode.swift; path = GraphView.swift; sourceTree = "<group>"; };
		A8CC24801E363656007E1E03 /* Graph.app */ = {isa = PBXFileReference; explicitFileType = wrapper.application; includeInIndex = 0; path = Graph.app; sourceTree = BUILT_PRODUCTS_DIR; };
		A8CC24831E363656007E1E03 /* AppDelegate.swift */ = {isa = PBXFileReference; lastKnownFileType = sourcecode.swift; path = AppDelegate.swift; sourceTree = "<group>"; };
		A8CC24851E363656007E1E03 /* ViewController.swift */ = {isa = PBXFileReference; lastKnownFileType = sourcecode.swift; path = ViewController.swift; sourceTree = "<group>"; };
		A8CC24881E363656007E1E03 /* Base */ = {isa = PBXFileReference; lastKnownFileType = file.storyboard; name = Base; path = Base.lproj/Main.storyboard; sourceTree = "<group>"; };
		A8CC248A1E363656007E1E03 /* Assets.xcassets */ = {isa = PBXFileReference; lastKnownFileType = folder.assetcatalog; path = Assets.xcassets; sourceTree = "<group>"; };
		A8CC248D1E363656007E1E03 /* Base */ = {isa = PBXFileReference; lastKnownFileType = file.storyboard; name = Base; path = Base.lproj/LaunchScreen.storyboard; sourceTree = "<group>"; };
		A8CC248F1E363656007E1E03 /* Info.plist */ = {isa = PBXFileReference; lastKnownFileType = text.plist.xml; path = Info.plist; sourceTree = "<group>"; };
/* End PBXFileReference section */

/* Begin PBXFrameworksBuildPhase section */
		A8CC247D1E363656007E1E03 /* Frameworks */ = {
			isa = PBXFrameworksBuildPhase;
			buildActionMask = 2147483647;
			files = (
			);
			runOnlyForDeploymentPostprocessing = 0;
		};
/* End PBXFrameworksBuildPhase section */

/* Begin PBXGroup section */
		A82C5B211E68B91000ACA464 /* Extension */ = {
			isa = PBXGroup;
			children = (
				A82C5B221E68B93200ACA464 /* Array+Shuffle.swift */,
			);
			path = Extension;
			sourceTree = "<group>";
		};
		A88EE0191E4B7BFC000FE5A6 /* Graph */ = {
			isa = PBXGroup;
			children = (
				A88EE01B1E4B7C11000FE5A6 /* GraphView.swift */,
				A88EE01A1E4B7C11000FE5A6 /* GraphLayer.swift */,
			);
			path = Graph;
			sourceTree = "<group>";
		};
		A8CC24771E363656007E1E03 = {
			isa = PBXGroup;
			children = (
				A8CC24821E363656007E1E03 /* Graph */,
				A8CC24811E363656007E1E03 /* Products */,
			);
			sourceTree = "<group>";
		};
		A8CC24811E363656007E1E03 /* Products */ = {
			isa = PBXGroup;
			children = (
				A8CC24801E363656007E1E03 /* Graph.app */,
			);
			name = Products;
			sourceTree = "<group>";
		};
		A8CC24821E363656007E1E03 /* Graph */ = {
			isa = PBXGroup;
			children = (
				A8CC24831E363656007E1E03 /* AppDelegate.swift */,
				A82C5B211E68B91000ACA464 /* Extension */,
				A88EE0191E4B7BFC000FE5A6 /* Graph */,
				A8CC24851E363656007E1E03 /* ViewController.swift */,
				A8CC24871E363656007E1E03 /* Main.storyboard */,
				A8CC248A1E363656007E1E03 /* Assets.xcassets */,
				A8CC248C1E363656007E1E03 /* LaunchScreen.storyboard */,
				A8CC248F1E363656007E1E03 /* Info.plist */,
			);
			path = Graph;
			sourceTree = "<group>";
		};
/* End PBXGroup section */

/* Begin PBXNativeTarget section */
		A8CC247F1E363656007E1E03 /* Graph */ = {
			isa = PBXNativeTarget;
			buildConfigurationList = A8CC24921E363656007E1E03 /* Build configuration list for PBXNativeTarget "Graph" */;
			buildPhases = (
				A8CC247C1E363656007E1E03 /* Sources */,
				A8CC247D1E363656007E1E03 /* Frameworks */,
				A8CC247E1E363656007E1E03 /* Resources */,
			);
			buildRules = (
			);
			dependencies = (
			);
			name = Graph;
			productName = Graph;
			productReference = A8CC24801E363656007E1E03 /* Graph.app */;
			productType = "com.apple.product-type.application";
		};
/* End PBXNativeTarget section */

/* Begin PBXProject section */
		A8CC24781E363656007E1E03 /* Project object */ = {
			isa = PBXProject;
			attributes = {
				LastSwiftUpdateCheck = 0820;
				LastUpgradeCheck = 0820;
				ORGANIZATIONNAME = Alexandr;
				TargetAttributes = {
					A8CC247F1E363656007E1E03 = {
						CreatedOnToolsVersion = 8.2.1;
						DevelopmentTeam = 27EMTZ4TK6;
						LastSwiftMigration = 0820;
						ProvisioningStyle = Automatic;
					};
				};
			};
			buildConfigurationList = A8CC247B1E363656007E1E03 /* Build configuration list for PBXProject "Graph" */;
			compatibilityVersion = "Xcode 3.2";
			developmentRegion = English;
			hasScannedForEncodings = 0;
			knownRegions = (
				en,
				Base,
			);
			mainGroup = A8CC24771E363656007E1E03;
			productRefGroup = A8CC24811E363656007E1E03 /* Products */;
			projectDirPath = "";
			projectRoot = "";
			targets = (
				A8CC247F1E363656007E1E03 /* Graph */,
			);
		};
/* End PBXProject section */

/* Begin PBXResourcesBuildPhase section */
		A8CC247E1E363656007E1E03 /* Resources */ = {
			isa = PBXResourcesBuildPhase;
			buildActionMask = 2147483647;
			files = (
				A8CC248E1E363656007E1E03 /* LaunchScreen.storyboard in Resources */,
				A8CC248B1E363656007E1E03 /* Assets.xcassets in Resources */,
				A8CC24891E363656007E1E03 /* Main.storyboard in Resources */,
			);
			runOnlyForDeploymentPostprocessing = 0;
		};
/* End PBXResourcesBuildPhase section */

/* Begin PBXSourcesBuildPhase section */
		A8CC247C1E363656007E1E03 /* Sources */ = {
			isa = PBXSourcesBuildPhase;
			buildActionMask = 2147483647;
			files = (
				A8CC24861E363656007E1E03 /* ViewController.swift in Sources */,
				A8CC24841E363656007E1E03 /* AppDelegate.swift in Sources */,
				A88EE01C1E4B7C11000FE5A6 /* GraphLayer.swift in Sources */,
				A82C5B231E68B93200ACA464 /* Array+Shuffle.swift in Sources */,
				A88EE01D1E4B7C11000FE5A6 /* GraphView.swift in Sources */,
			);
			runOnlyForDeploymentPostprocessing = 0;
		};
/* End PBXSourcesBuildPhase section */

/* Begin PBXVariantGroup section */
		A8CC24871E363656007E1E03 /* Main.storyboard */ = {
			isa = PBXVariantGroup;
			children = (
				A8CC24881E363656007E1E03 /* Base */,
			);
			name = Main.storyboard;
			sourceTree = "<group>";
		};
		A8CC248C1E363656007E1E03 /* LaunchScreen.storyboard */ = {
			isa = PBXVariantGroup;
			children = (
				A8CC248D1E363656007E1E03 /* Base */,
			);
			name = LaunchScreen.storyboard;
			sourceTree = "<group>";
		};
/* End PBXVariantGroup section */

/* Begin XCBuildConfiguration section */
		A8CC24901E363656007E1E03 /* Debug */ = {
			isa = XCBuildConfiguration;
			buildSettings = {
				ALWAYS_SEARCH_USER_PATHS = NO;
				CLANG_ANALYZER_NONNULL = YES;
				CLANG_CXX_LANGUAGE_STANDARD = "gnu++0x";
				CLANG_CXX_LIBRARY = "libc++";
				CLANG_ENABLE_MODULES = YES;
				CLANG_ENABLE_OBJC_ARC = YES;
				CLANG_WARN_BOOL_CONVERSION = YES;
				CLANG_WARN_CONSTANT_CONVERSION = YES;
				CLANG_WARN_DIRECT_OBJC_ISA_USAGE = YES_ERROR;
				CLANG_WARN_DOCUMENTATION_COMMENTS = YES;
				CLANG_WARN_EMPTY_BODY = YES;
				CLANG_WARN_ENUM_CONVERSION = YES;
				CLANG_WARN_INFINITE_RECURSION = YES;
				CLANG_WARN_INT_CONVERSION = YES;
				CLANG_WARN_OBJC_ROOT_CLASS = YES_ERROR;
				CLANG_WARN_SUSPICIOUS_MOVE = YES;
				CLANG_WARN_UNREACHABLE_CODE = YES;
				CLANG_WARN__DUPLICATE_METHOD_MATCH = YES;
				"CODE_SIGN_IDENTITY[sdk=iphoneos*]" = "iPhone Developer";
				COPY_PHASE_STRIP = NO;
				DEBUG_INFORMATION_FORMAT = dwarf;
				ENABLE_STRICT_OBJC_MSGSEND = YES;
				ENABLE_TESTABILITY = YES;
				GCC_C_LANGUAGE_STANDARD = gnu99;
				GCC_DYNAMIC_NO_PIC = NO;
				GCC_NO_COMMON_BLOCKS = YES;
				GCC_OPTIMIZATION_LEVEL = 0;
				GCC_PREPROCESSOR_DEFINITIONS = (
					"DEBUG=1",
					"$(inherited)",
				);
				GCC_WARN_64_TO_32_BIT_CONVERSION = YES;
				GCC_WARN_ABOUT_RETURN_TYPE = YES_ERROR;
				GCC_WARN_UNDECLARED_SELECTOR = YES;
				GCC_WARN_UNINITIALIZED_AUTOS = YES_AGGRESSIVE;
				GCC_WARN_UNUSED_FUNCTION = YES;
				GCC_WARN_UNUSED_VARIABLE = YES;
				IPHONEOS_DEPLOYMENT_TARGET = 10.2;
				MTL_ENABLE_DEBUG_INFO = YES;
				ONLY_ACTIVE_ARCH = YES;
				SDKROOT = iphoneos;
				SWIFT_ACTIVE_COMPILATION_CONDITIONS = DEBUG;
				SWIFT_OPTIMIZATION_LEVEL = "-Onone";
			};
			name = Debug;
		};
		A8CC24911E363656007E1E03 /* Release */ = {
			isa = XCBuildConfiguration;
			buildSettings = {
				ALWAYS_SEARCH_USER_PATHS = NO;
				CLANG_ANALYZER_NONNULL = YES;
				CLANG_CXX_LANGUAGE_STANDARD = "gnu++0x";
				CLANG_CXX_LIBRARY = "libc++";
				CLANG_ENABLE_MODULES = YES;
				CLANG_ENABLE_OBJC_ARC = YES;
				CLANG_WARN_BOOL_CONVERSION = YES;
				CLANG_WARN_CONSTANT_CONVERSION = YES;
				CLANG_WARN_DIRECT_OBJC_ISA_USAGE = YES_ERROR;
				CLANG_WARN_DOCUMENTATION_COMMENTS = YES;
				CLANG_WARN_EMPTY_BODY = YES;
				CLANG_WARN_ENUM_CONVERSION = YES;
				CLANG_WARN_INFINITE_RECURSION = YES;
				CLANG_WARN_INT_CONVERSION = YES;
				CLANG_WARN_OBJC_ROOT_CLASS = YES_ERROR;
				CLANG_WARN_SUSPICIOUS_MOVE = YES;
				CLANG_WARN_UNREACHABLE_CODE = YES;
				CLANG_WARN__DUPLICATE_METHOD_MATCH = YES;
				"CODE_SIGN_IDENTITY[sdk=iphoneos*]" = "iPhone Developer";
				COPY_PHASE_STRIP = NO;
				DEBUG_INFORMATION_FORMAT = "dwarf-with-dsym";
				ENABLE_NS_ASSERTIONS = NO;
				ENABLE_STRICT_OBJC_MSGSEND = YES;
				GCC_C_LANGUAGE_STANDARD = gnu99;
				GCC_NO_COMMON_BLOCKS = YES;
				GCC_WARN_64_TO_32_BIT_CONVERSION = YES;
				GCC_WARN_ABOUT_RETURN_TYPE = YES_ERROR;
				GCC_WARN_UNDECLARED_SELECTOR = YES;
				GCC_WARN_UNINITIALIZED_AUTOS = YES_AGGRESSIVE;
				GCC_WARN_UNUSED_FUNCTION = YES;
				GCC_WARN_UNUSED_VARIABLE = YES;
				IPHONEOS_DEPLOYMENT_TARGET = 10.2;
				MTL_ENABLE_DEBUG_INFO = NO;
				SDKROOT = iphoneos;
				SWIFT_OPTIMIZATION_LEVEL = "-Owholemodule";
				VALIDATE_PRODUCT = YES;
			};
			name = Release;
		};
		A8CC24931E363656007E1E03 /* Debug */ = {
			isa = XCBuildConfiguration;
			buildSettings = {
				ASSETCATALOG_COMPILER_APPICON_NAME = AppIcon;
				CLANG_ENABLE_MODULES = YES;
				DEVELOPMENT_TEAM = 27EMTZ4TK6;
				INFOPLIST_FILE = Graph/Info.plist;
				IPHONEOS_DEPLOYMENT_TARGET = 8.0;
				LD_RUNPATH_SEARCH_PATHS = "$(inherited) @executable_path/Frameworks";
				PRODUCT_BUNDLE_IDENTIFIER = kh.Graph;
				PRODUCT_NAME = "$(TARGET_NAME)";
				SWIFT_OPTIMIZATION_LEVEL = "-Onone";
				SWIFT_VERSION = 3.0;
			};
			name = Debug;
		};
		A8CC24941E363656007E1E03 /* Release */ = {
			isa = XCBuildConfiguration;
			buildSettings = {
				ASSETCATALOG_COMPILER_APPICON_NAME = AppIcon;
				CLANG_ENABLE_MODULES = YES;
				DEVELOPMENT_TEAM = 27EMTZ4TK6;
				INFOPLIST_FILE = Graph/Info.plist;
				IPHONEOS_DEPLOYMENT_TARGET = 8.0;
				LD_RUNPATH_SEARCH_PATHS = "$(inherited) @executable_path/Frameworks";
				PRODUCT_BUNDLE_IDENTIFIER = kh.Graph;
				PRODUCT_NAME = "$(TARGET_NAME)";
				SWIFT_VERSION = 3.0;
			};
			name = Release;
		};
/* End XCBuildConfiguration section */

/* Begin XCConfigurationList section */
		A8CC247B1E363656007E1E03 /* Build configuration list for PBXProject "Graph" */ = {
			isa = XCConfigurationList;
			buildConfigurations = (
				A8CC24901E363656007E1E03 /* Debug */,
				A8CC24911E363656007E1E03 /* Release */,
			);
			defaultConfigurationIsVisible = 0;
			defaultConfigurationName = Release;
		};
		A8CC24921E363656007E1E03 /* Build configuration list for PBXNativeTarget "Graph" */ = {
			isa = XCConfigurationList;
			buildConfigurations = (
				A8CC24931E363656007E1E03 /* Debug */,
				A8CC24941E363656007E1E03 /* Release */,
			);
			defaultConfigurationIsVisible = 0;
			defaultConfigurationName = Release;
		};
/* End XCConfigurationList section */
	};
	rootObject = A8CC24781E363656007E1E03 /* Project object */;
}
